// !$*UTF8*$!
{
	archiveVersion = 1;
	classes = {
	};
	objectVersion = 51;
	objects = {

/* Begin PBXBuildFile section */
		F44A99AD266D202400441CCF /* AirTickModel.xcdatamodeld in Sources */ = {isa = PBXBuildFile; fileRef = F44A99AB266D202400441CCF /* AirTickModel.xcdatamodeld */; };
		F44A99B1266D233500441CCF /* CoreDataService.m in Sources */ = {isa = PBXBuildFile; fileRef = F44A99B0266D233500441CCF /* CoreDataService.m */; };
		F44A99C4266D25F100441CCF /* FavoriteTicket+CoreDataClass.m in Sources */ = {isa = PBXBuildFile; fileRef = F44A99C0266D25F100441CCF /* FavoriteTicket+CoreDataClass.m */; };
		F44A99C5266D25F100441CCF /* FavoriteTicket+CoreDataProperties.m in Sources */ = {isa = PBXBuildFile; fileRef = F44A99C2266D25F100441CCF /* FavoriteTicket+CoreDataProperties.m */; };
		F44A99C8266D2E1000441CCF /* FavoriteTicketsViewController.m in Sources */ = {isa = PBXBuildFile; fileRef = F44A99C7266D2E1000441CCF /* FavoriteTicketsViewController.m */; };
		F473FC992653B8B800ECB6FE /* PlaceViewController.m in Sources */ = {isa = PBXBuildFile; fileRef = F473FC982653B8B800ECB6FE /* PlaceViewController.m */; };
		F473FC9D2654275500ECB6FE /* PlaceTableViewCell.m in Sources */ = {isa = PBXBuildFile; fileRef = F473FC9C2654275500ECB6FE /* PlaceTableViewCell.m */; };
		F4B53215264E674300BECC56 /* AppDelegate.m in Sources */ = {isa = PBXBuildFile; fileRef = F4B53214264E674300BECC56 /* AppDelegate.m */; };
		F4B53218264E674300BECC56 /* SceneDelegate.m in Sources */ = {isa = PBXBuildFile; fileRef = F4B53217264E674300BECC56 /* SceneDelegate.m */; };
		F4B5321B264E674300BECC56 /* MainViewController.m in Sources */ = {isa = PBXBuildFile; fileRef = F4B5321A264E674300BECC56 /* MainViewController.m */; };
		F4B53220264E674400BECC56 /* Assets.xcassets in Resources */ = {isa = PBXBuildFile; fileRef = F4B5321F264E674400BECC56 /* Assets.xcassets */; };
		F4B53226264E674400BECC56 /* main.m in Sources */ = {isa = PBXBuildFile; fileRef = F4B53225264E674400BECC56 /* main.m */; };
		F4B5322F264E886F00BECC56 /* TestViewController.m in Sources */ = {isa = PBXBuildFile; fileRef = F4B5322E264E886F00BECC56 /* TestViewController.m */; };
		F4B53234264EC3D600BECC56 /* cities.json in Resources */ = {isa = PBXBuildFile; fileRef = F4B53231264EC3D600BECC56 /* cities.json */; };
		F4B53235264EC3D600BECC56 /* countries.json in Resources */ = {isa = PBXBuildFile; fileRef = F4B53232264EC3D600BECC56 /* countries.json */; };
		F4B53236264EC3D600BECC56 /* airports.json in Resources */ = {isa = PBXBuildFile; fileRef = F4B53233264EC3D600BECC56 /* airports.json */; };
		F4B5323A264EC44600BECC56 /* Country.m in Sources */ = {isa = PBXBuildFile; fileRef = F4B53239264EC44600BECC56 /* Country.m */; };
		F4B5323D264EC4BE00BECC56 /* City.m in Sources */ = {isa = PBXBuildFile; fileRef = F4B5323C264EC4BE00BECC56 /* City.m */; };
		F4B53240264EC56300BECC56 /* Airport.m in Sources */ = {isa = PBXBuildFile; fileRef = F4B5323F264EC56300BECC56 /* Airport.m */; };
		F4B53244264EC63D00BECC56 /* DataManager.m in Sources */ = {isa = PBXBuildFile; fileRef = F4B53243264EC63D00BECC56 /* DataManager.m */; };
		F4E0798E265F8C3000D8DC4C /* APIManager.m in Sources */ = {isa = PBXBuildFile; fileRef = F4E0798D265F8C3000D8DC4C /* APIManager.m */; };
		F4E07991265FC4B600D8DC4C /* Ticket.m in Sources */ = {isa = PBXBuildFile; fileRef = F4E07990265FC4B600D8DC4C /* Ticket.m */; };
		F4E07994265FD10500D8DC4C /* TicketTableViewCell.m in Sources */ = {isa = PBXBuildFile; fileRef = F4E07993265FD10500D8DC4C /* TicketTableViewCell.m */; };
		F4E07997265FDC6100D8DC4C /* TicketsViewController.m in Sources */ = {isa = PBXBuildFile; fileRef = F4E07996265FDC6100D8DC4C /* TicketsViewController.m */; };
		F4E0799A2660E8F500D8DC4C /* LocationService.m in Sources */ = {isa = PBXBuildFile; fileRef = F4E079992660E8F500D8DC4C /* LocationService.m */; };
		F4E0799D2660EDFF00D8DC4C /* MapPrice.m in Sources */ = {isa = PBXBuildFile; fileRef = F4E0799C2660EDFF00D8DC4C /* MapPrice.m */; };
		F4E079A02660EFF900D8DC4C /* MapViewController.m in Sources */ = {isa = PBXBuildFile; fileRef = F4E0799F2660EFF900D8DC4C /* MapViewController.m */; };
		F4E079A32660F88700D8DC4C /* TabBarController.m in Sources */ = {isa = PBXBuildFile; fileRef = F4E079A22660F88700D8DC4C /* TabBarController.m */; };
		FA135E4B3ADEEB5159E828AC /* Pods_AirTick.framework in Frameworks */ = {isa = PBXBuildFile; fileRef = 97C17CA0F8FF91E587F5DDD9 /* Pods_AirTick.framework */; };
/* End PBXBuildFile section */

/* Begin PBXFileReference section */
		5803D8415C25ABD112EC2191 /* Pods-AirTick.debug.xcconfig */ = {isa = PBXFileReference; includeInIndex = 1; lastKnownFileType = text.xcconfig; name = "Pods-AirTick.debug.xcconfig"; path = "Target Support Files/Pods-AirTick/Pods-AirTick.debug.xcconfig"; sourceTree = "<group>"; };
		97C17CA0F8FF91E587F5DDD9 /* Pods_AirTick.framework */ = {isa = PBXFileReference; explicitFileType = wrapper.framework; includeInIndex = 0; path = Pods_AirTick.framework; sourceTree = BUILT_PRODUCTS_DIR; };
		F44A99AC266D202400441CCF /* AirTickModel.xcdatamodel */ = {isa = PBXFileReference; lastKnownFileType = wrapper.xcdatamodel; path = AirTickModel.xcdatamodel; sourceTree = "<group>"; };
		F44A99AF266D233500441CCF /* CoreDataService.h */ = {isa = PBXFileReference; lastKnownFileType = sourcecode.c.h; path = CoreDataService.h; sourceTree = "<group>"; };
		F44A99B0266D233500441CCF /* CoreDataService.m */ = {isa = PBXFileReference; lastKnownFileType = sourcecode.c.objc; path = CoreDataService.m; sourceTree = "<group>"; };
		F44A99C0266D25F100441CCF /* FavoriteTicket+CoreDataClass.m */ = {isa = PBXFileReference; fileEncoding = 4; lastKnownFileType = sourcecode.c.objc; path = "FavoriteTicket+CoreDataClass.m"; sourceTree = "<group>"; };
		F44A99C1266D25F100441CCF /* FavoriteTicket+CoreDataProperties.h */ = {isa = PBXFileReference; fileEncoding = 4; lastKnownFileType = sourcecode.c.h; path = "FavoriteTicket+CoreDataProperties.h"; sourceTree = "<group>"; };
		F44A99C2266D25F100441CCF /* FavoriteTicket+CoreDataProperties.m */ = {isa = PBXFileReference; fileEncoding = 4; lastKnownFileType = sourcecode.c.objc; path = "FavoriteTicket+CoreDataProperties.m"; sourceTree = "<group>"; };
		F44A99C3266D25F100441CCF /* FavoriteTicket+CoreDataClass.h */ = {isa = PBXFileReference; fileEncoding = 4; lastKnownFileType = sourcecode.c.h; path = "FavoriteTicket+CoreDataClass.h"; sourceTree = "<group>"; };
		F44A99C6266D2E1000441CCF /* FavoriteTicketsViewController.h */ = {isa = PBXFileReference; lastKnownFileType = sourcecode.c.h; path = FavoriteTicketsViewController.h; sourceTree = "<group>"; };
		F44A99C7266D2E1000441CCF /* FavoriteTicketsViewController.m */ = {isa = PBXFileReference; lastKnownFileType = sourcecode.c.objc; path = FavoriteTicketsViewController.m; sourceTree = "<group>"; };
		F473FC972653B8B800ECB6FE /* PlaceViewController.h */ = {isa = PBXFileReference; lastKnownFileType = sourcecode.c.h; path = PlaceViewController.h; sourceTree = "<group>"; };
		F473FC982653B8B800ECB6FE /* PlaceViewController.m */ = {isa = PBXFileReference; lastKnownFileType = sourcecode.c.objc; path = PlaceViewController.m; sourceTree = "<group>"; };
		F473FC9B2654275500ECB6FE /* PlaceTableViewCell.h */ = {isa = PBXFileReference; lastKnownFileType = sourcecode.c.h; path = PlaceTableViewCell.h; sourceTree = "<group>"; };
		F473FC9C2654275500ECB6FE /* PlaceTableViewCell.m */ = {isa = PBXFileReference; lastKnownFileType = sourcecode.c.objc; path = PlaceTableViewCell.m; sourceTree = "<group>"; };
		F4B53210264E674300BECC56 /* AirTick.app */ = {isa = PBXFileReference; explicitFileType = wrapper.application; includeInIndex = 0; path = AirTick.app; sourceTree = BUILT_PRODUCTS_DIR; };
		F4B53213264E674300BECC56 /* AppDelegate.h */ = {isa = PBXFileReference; lastKnownFileType = sourcecode.c.h; path = AppDelegate.h; sourceTree = "<group>"; };
		F4B53214264E674300BECC56 /* AppDelegate.m */ = {isa = PBXFileReference; lastKnownFileType = sourcecode.c.objc; path = AppDelegate.m; sourceTree = "<group>"; };
		F4B53216264E674300BECC56 /* SceneDelegate.h */ = {isa = PBXFileReference; lastKnownFileType = sourcecode.c.h; path = SceneDelegate.h; sourceTree = "<group>"; };
		F4B53217264E674300BECC56 /* SceneDelegate.m */ = {isa = PBXFileReference; lastKnownFileType = sourcecode.c.objc; path = SceneDelegate.m; sourceTree = "<group>"; };
		F4B53219264E674300BECC56 /* MainViewController.h */ = {isa = PBXFileReference; lastKnownFileType = sourcecode.c.h; path = MainViewController.h; sourceTree = "<group>"; };
		F4B5321A264E674300BECC56 /* MainViewController.m */ = {isa = PBXFileReference; lastKnownFileType = sourcecode.c.objc; path = MainViewController.m; sourceTree = "<group>"; };
		F4B5321F264E674400BECC56 /* Assets.xcassets */ = {isa = PBXFileReference; lastKnownFileType = folder.assetcatalog; path = Assets.xcassets; sourceTree = "<group>"; };
		F4B53224264E674400BECC56 /* Info.plist */ = {isa = PBXFileReference; lastKnownFileType = text.plist.xml; path = Info.plist; sourceTree = "<group>"; };
		F4B53225264E674400BECC56 /* main.m */ = {isa = PBXFileReference; lastKnownFileType = sourcecode.c.objc; path = main.m; sourceTree = "<group>"; };
		F4B5322D264E886F00BECC56 /* TestViewController.h */ = {isa = PBXFileReference; lastKnownFileType = sourcecode.c.h; path = TestViewController.h; sourceTree = "<group>"; };
		F4B5322E264E886F00BECC56 /* TestViewController.m */ = {isa = PBXFileReference; lastKnownFileType = sourcecode.c.objc; path = TestViewController.m; sourceTree = "<group>"; };
		F4B53231264EC3D600BECC56 /* cities.json */ = {isa = PBXFileReference; fileEncoding = 4; lastKnownFileType = text.json; path = cities.json; sourceTree = "<group>"; };
		F4B53232264EC3D600BECC56 /* countries.json */ = {isa = PBXFileReference; fileEncoding = 4; lastKnownFileType = text.json; path = countries.json; sourceTree = "<group>"; };
		F4B53233264EC3D600BECC56 /* airports.json */ = {isa = PBXFileReference; fileEncoding = 4; lastKnownFileType = text.json; path = airports.json; sourceTree = "<group>"; };
		F4B53238264EC44600BECC56 /* Country.h */ = {isa = PBXFileReference; lastKnownFileType = sourcecode.c.h; path = Country.h; sourceTree = "<group>"; };
		F4B53239264EC44600BECC56 /* Country.m */ = {isa = PBXFileReference; lastKnownFileType = sourcecode.c.objc; path = Country.m; sourceTree = "<group>"; };
		F4B5323B264EC4BE00BECC56 /* City.h */ = {isa = PBXFileReference; lastKnownFileType = sourcecode.c.h; path = City.h; sourceTree = "<group>"; };
		F4B5323C264EC4BE00BECC56 /* City.m */ = {isa = PBXFileReference; lastKnownFileType = sourcecode.c.objc; path = City.m; sourceTree = "<group>"; };
		F4B5323E264EC56300BECC56 /* Airport.h */ = {isa = PBXFileReference; lastKnownFileType = sourcecode.c.h; path = Airport.h; sourceTree = "<group>"; };
		F4B5323F264EC56300BECC56 /* Airport.m */ = {isa = PBXFileReference; lastKnownFileType = sourcecode.c.objc; path = Airport.m; sourceTree = "<group>"; };
		F4B53242264EC63D00BECC56 /* DataManager.h */ = {isa = PBXFileReference; lastKnownFileType = sourcecode.c.h; path = DataManager.h; sourceTree = "<group>"; };
		F4B53243264EC63D00BECC56 /* DataManager.m */ = {isa = PBXFileReference; lastKnownFileType = sourcecode.c.objc; path = DataManager.m; sourceTree = "<group>"; };
		F4E0798C265F8C3000D8DC4C /* APIManager.h */ = {isa = PBXFileReference; lastKnownFileType = sourcecode.c.h; path = APIManager.h; sourceTree = "<group>"; };
		F4E0798D265F8C3000D8DC4C /* APIManager.m */ = {isa = PBXFileReference; lastKnownFileType = sourcecode.c.objc; path = APIManager.m; sourceTree = "<group>"; };
		F4E0798F265FC4B600D8DC4C /* Ticket.h */ = {isa = PBXFileReference; lastKnownFileType = sourcecode.c.h; name = Ticket.h; path = AirTick/Model/Ticket.h; sourceTree = SOURCE_ROOT; };
		F4E07990265FC4B600D8DC4C /* Ticket.m */ = {isa = PBXFileReference; lastKnownFileType = sourcecode.c.objc; name = Ticket.m; path = AirTick/Model/Ticket.m; sourceTree = SOURCE_ROOT; };
		F4E07992265FD10500D8DC4C /* TicketTableViewCell.h */ = {isa = PBXFileReference; lastKnownFileType = sourcecode.c.h; path = TicketTableViewCell.h; sourceTree = "<group>"; };
		F4E07993265FD10500D8DC4C /* TicketTableViewCell.m */ = {isa = PBXFileReference; lastKnownFileType = sourcecode.c.objc; path = TicketTableViewCell.m; sourceTree = "<group>"; };
		F4E07995265FDC6100D8DC4C /* TicketsViewController.h */ = {isa = PBXFileReference; lastKnownFileType = sourcecode.c.h; path = TicketsViewController.h; sourceTree = "<group>"; };
		F4E07996265FDC6100D8DC4C /* TicketsViewController.m */ = {isa = PBXFileReference; lastKnownFileType = sourcecode.c.objc; path = TicketsViewController.m; sourceTree = "<group>"; };
		F4E079982660E8F400D8DC4C /* LocationService.h */ = {isa = PBXFileReference; lastKnownFileType = sourcecode.c.h; path = LocationService.h; sourceTree = "<group>"; };
		F4E079992660E8F500D8DC4C /* LocationService.m */ = {isa = PBXFileReference; lastKnownFileType = sourcecode.c.objc; path = LocationService.m; sourceTree = "<group>"; };
		F4E0799B2660EDFF00D8DC4C /* MapPrice.h */ = {isa = PBXFileReference; lastKnownFileType = sourcecode.c.h; path = MapPrice.h; sourceTree = "<group>"; };
		F4E0799C2660EDFF00D8DC4C /* MapPrice.m */ = {isa = PBXFileReference; lastKnownFileType = sourcecode.c.objc; path = MapPrice.m; sourceTree = "<group>"; };
		F4E0799E2660EFF900D8DC4C /* MapViewController.h */ = {isa = PBXFileReference; lastKnownFileType = sourcecode.c.h; path = MapViewController.h; sourceTree = "<group>"; };
		F4E0799F2660EFF900D8DC4C /* MapViewController.m */ = {isa = PBXFileReference; lastKnownFileType = sourcecode.c.objc; path = MapViewController.m; sourceTree = "<group>"; };
		F4E079A12660F88700D8DC4C /* TabBarController.h */ = {isa = PBXFileReference; lastKnownFileType = sourcecode.c.h; path = TabBarController.h; sourceTree = "<group>"; };
		F4E079A22660F88700D8DC4C /* TabBarController.m */ = {isa = PBXFileReference; lastKnownFileType = sourcecode.c.objc; path = TabBarController.m; sourceTree = "<group>"; };
		F98EBEEF208382B99180C2B0 /* Pods-AirTick.release.xcconfig */ = {isa = PBXFileReference; includeInIndex = 1; lastKnownFileType = text.xcconfig; name = "Pods-AirTick.release.xcconfig"; path = "Target Support Files/Pods-AirTick/Pods-AirTick.release.xcconfig"; sourceTree = "<group>"; };
/* End PBXFileReference section */

/* Begin PBXFrameworksBuildPhase section */
		F4B5320D264E674300BECC56 /* Frameworks */ = {
			isa = PBXFrameworksBuildPhase;
			buildActionMask = 2147483647;
			files = (
				FA135E4B3ADEEB5159E828AC /* Pods_AirTick.framework in Frameworks */,
			);
			runOnlyForDeploymentPostprocessing = 0;
		};
/* End PBXFrameworksBuildPhase section */

/* Begin PBXGroup section */
		03AA984A5AF36B4C7ED474F3 /* Pods */ = {
			isa = PBXGroup;
			children = (
				5803D8415C25ABD112EC2191 /* Pods-AirTick.debug.xcconfig */,
				F98EBEEF208382B99180C2B0 /* Pods-AirTick.release.xcconfig */,
			);
			path = Pods;
			sourceTree = "<group>";
		};
		E93864A76D8B35142EBFF9CA /* Frameworks */ = {
			isa = PBXGroup;
			children = (
				97C17CA0F8FF91E587F5DDD9 /* Pods_AirTick.framework */,
			);
			name = Frameworks;
			sourceTree = "<group>";
		};
		F44A99AE266D21D600441CCF /* CoreData */ = {
			isa = PBXGroup;
			children = (
				F44A99C1266D25F100441CCF /* FavoriteTicket+CoreDataProperties.h */,
				F44A99C3266D25F100441CCF /* FavoriteTicket+CoreDataClass.h */,
				F44A99C0266D25F100441CCF /* FavoriteTicket+CoreDataClass.m */,
				F44A99C2266D25F100441CCF /* FavoriteTicket+CoreDataProperties.m */,
				F44A99AB266D202400441CCF /* AirTickModel.xcdatamodeld */,
			);
			path = CoreData;
			sourceTree = "<group>";
		};
		F473FC9A2654272200ECB6FE /* View */ = {
			isa = PBXGroup;
			children = (
				F473FC9B2654275500ECB6FE /* PlaceTableViewCell.h */,
				F473FC9C2654275500ECB6FE /* PlaceTableViewCell.m */,
				F4E07992265FD10500D8DC4C /* TicketTableViewCell.h */,
				F4E07993265FD10500D8DC4C /* TicketTableViewCell.m */,
			);
			path = View;
			sourceTree = "<group>";
		};
		F4B53207264E674300BECC56 = {
			isa = PBXGroup;
			children = (
				F4B53212264E674300BECC56 /* AirTick */,
				F4B53211264E674300BECC56 /* Products */,
				03AA984A5AF36B4C7ED474F3 /* Pods */,
				E93864A76D8B35142EBFF9CA /* Frameworks */,
			);
			sourceTree = "<group>";
		};
		F4B53211264E674300BECC56 /* Products */ = {
			isa = PBXGroup;
			children = (
				F4B53210264E674300BECC56 /* AirTick.app */,
			);
			name = Products;
			sourceTree = "<group>";
		};
		F4B53212264E674300BECC56 /* AirTick */ = {
			isa = PBXGroup;
			children = (
				F4E0798B265F874100D8DC4C /* Services */,
				F4B5322C264E881300BECC56 /* Controller */,
				F4B53241264EC61F00BECC56 /* Data */,
				F4B53237264EC3E400BECC56 /* Model */,
				F473FC9A2654272200ECB6FE /* View */,
				F4B53213264E674300BECC56 /* AppDelegate.h */,
				F4B53214264E674300BECC56 /* AppDelegate.m */,
				F4B53216264E674300BECC56 /* SceneDelegate.h */,
				F4B53217264E674300BECC56 /* SceneDelegate.m */,
				F4B5321F264E674400BECC56 /* Assets.xcassets */,
				F4B53224264E674400BECC56 /* Info.plist */,
				F4B53225264E674400BECC56 /* main.m */,
			);
			path = AirTick;
			sourceTree = "<group>";
		};
		F4B5322C264E881300BECC56 /* Controller */ = {
			isa = PBXGroup;
			children = (
				F4B53219264E674300BECC56 /* MainViewController.h */,
				F4B5321A264E674300BECC56 /* MainViewController.m */,
				F4E0799E2660EFF900D8DC4C /* MapViewController.h */,
				F4E0799F2660EFF900D8DC4C /* MapViewController.m */,
				F473FC972653B8B800ECB6FE /* PlaceViewController.h */,
				F473FC982653B8B800ECB6FE /* PlaceViewController.m */,
				F4E079A12660F88700D8DC4C /* TabBarController.h */,
				F4E079A22660F88700D8DC4C /* TabBarController.m */,
				F4B5322D264E886F00BECC56 /* TestViewController.h */,
				F4B5322E264E886F00BECC56 /* TestViewController.m */,
				F4E07995265FDC6100D8DC4C /* TicketsViewController.h */,
				F4E07996265FDC6100D8DC4C /* TicketsViewController.m */,
				F44A99C6266D2E1000441CCF /* FavoriteTicketsViewController.h */,
				F44A99C7266D2E1000441CCF /* FavoriteTicketsViewController.m */,
			);
			path = Controller;
			sourceTree = "<group>";
		};
		F4B53230264EC39A00BECC56 /* JSON */ = {
			isa = PBXGroup;
			children = (
				F4B53233264EC3D600BECC56 /* airports.json */,
				F4B53231264EC3D600BECC56 /* cities.json */,
				F4B53232264EC3D600BECC56 /* countries.json */,
			);
			path = JSON;
			sourceTree = "<group>";
		};
		F4B53237264EC3E400BECC56 /* Model */ = {
			isa = PBXGroup;
			children = (
				F44A99AE266D21D600441CCF /* CoreData */,
				F4B5323E264EC56300BECC56 /* Airport.h */,
				F4B5323F264EC56300BECC56 /* Airport.m */,
				F4B5323B264EC4BE00BECC56 /* City.h */,
				F4B5323C264EC4BE00BECC56 /* City.m */,
				F4B53238264EC44600BECC56 /* Country.h */,
				F4B53239264EC44600BECC56 /* Country.m */,
				F4E0798F265FC4B600D8DC4C /* Ticket.h */,
				F4E07990265FC4B600D8DC4C /* Ticket.m */,
				F4E0799B2660EDFF00D8DC4C /* MapPrice.h */,
				F4E0799C2660EDFF00D8DC4C /* MapPrice.m */,
			);
			path = Model;
			sourceTree = "<group>";
		};
		F4B53241264EC61F00BECC56 /* Data */ = {
			isa = PBXGroup;
			children = (
				F4B53230264EC39A00BECC56 /* JSON */,
				F4B53242264EC63D00BECC56 /* DataManager.h */,
				F4B53243264EC63D00BECC56 /* DataManager.m */,
			);
			path = Data;
			sourceTree = "<group>";
		};
		F4E0798B265F874100D8DC4C /* Services */ = {
			isa = PBXGroup;
			children = (
				F4E0798C265F8C3000D8DC4C /* APIManager.h */,
				F4E0798D265F8C3000D8DC4C /* APIManager.m */,
				F4E079982660E8F400D8DC4C /* LocationService.h */,
				F4E079992660E8F500D8DC4C /* LocationService.m */,
				F44A99AF266D233500441CCF /* CoreDataService.h */,
				F44A99B0266D233500441CCF /* CoreDataService.m */,
			);
			path = Services;
			sourceTree = "<group>";
		};
/* End PBXGroup section */

/* Begin PBXNativeTarget section */
		F4B5320F264E674300BECC56 /* AirTick */ = {
			isa = PBXNativeTarget;
			buildConfigurationList = F4B53229264E674400BECC56 /* Build configuration list for PBXNativeTarget "AirTick" */;
			buildPhases = (
				524B4CEAECB904BC6D045BEB /* [CP] Check Pods Manifest.lock */,
				F4B5320C264E674300BECC56 /* Sources */,
				F4B5320D264E674300BECC56 /* Frameworks */,
				F4B5320E264E674300BECC56 /* Resources */,
				A09F489A7AE6BD4107D4AAB6 /* [CP] Embed Pods Frameworks */,
			);
			buildRules = (
			);
			dependencies = (
			);
			name = AirTick;
			productName = AirTick;
			productReference = F4B53210264E674300BECC56 /* AirTick.app */;
			productType = "com.apple.product-type.application";
		};
/* End PBXNativeTarget section */

/* Begin PBXProject section */
		F4B53208264E674300BECC56 /* Project object */ = {
			isa = PBXProject;
			attributes = {
				LastUpgradeCheck = 1250;
				TargetAttributes = {
					F4B5320F264E674300BECC56 = {
						CreatedOnToolsVersion = 12.5;
					};
				};
			};
			buildConfigurationList = F4B5320B264E674300BECC56 /* Build configuration list for PBXProject "AirTick" */;
			compatibilityVersion = "Xcode 9.3";
			developmentRegion = en;
			hasScannedForEncodings = 0;
			knownRegions = (
				en,
				Base,
			);
			mainGroup = F4B53207264E674300BECC56;
			productRefGroup = F4B53211264E674300BECC56 /* Products */;
			projectDirPath = "";
			projectRoot = "";
			targets = (
				F4B5320F264E674300BECC56 /* AirTick */,
			);
		};
/* End PBXProject section */

/* Begin PBXResourcesBuildPhase section */
		F4B5320E264E674300BECC56 /* Resources */ = {
			isa = PBXResourcesBuildPhase;
			buildActionMask = 2147483647;
			files = (
				F4B53235264EC3D600BECC56 /* countries.json in Resources */,
				F4B53236264EC3D600BECC56 /* airports.json in Resources */,
				F4B53234264EC3D600BECC56 /* cities.json in Resources */,
				F4B53220264E674400BECC56 /* Assets.xcassets in Resources */,
			);
			runOnlyForDeploymentPostprocessing = 0;
		};
/* End PBXResourcesBuildPhase section */

/* Begin PBXShellScriptBuildPhase section */
		524B4CEAECB904BC6D045BEB /* [CP] Check Pods Manifest.lock */ = {
			isa = PBXShellScriptBuildPhase;
			buildActionMask = 2147483647;
			files = (
			);
			inputFileListPaths = (
			);
			inputPaths = (
				"${PODS_PODFILE_DIR_PATH}/Podfile.lock",
				"${PODS_ROOT}/Manifest.lock",
			);
			name = "[CP] Check Pods Manifest.lock";
			outputFileListPaths = (
			);
			outputPaths = (
				"$(DERIVED_FILE_DIR)/Pods-AirTick-checkManifestLockResult.txt",
			);
			runOnlyForDeploymentPostprocessing = 0;
			shellPath = /bin/sh;
			shellScript = "diff \"${PODS_PODFILE_DIR_PATH}/Podfile.lock\" \"${PODS_ROOT}/Manifest.lock\" > /dev/null\nif [ $? != 0 ] ; then\n    # print error to STDERR\n    echo \"error: The sandbox is not in sync with the Podfile.lock. Run 'pod install' or update your CocoaPods installation.\" >&2\n    exit 1\nfi\n# This output is used by Xcode 'outputs' to avoid re-running this script phase.\necho \"SUCCESS\" > \"${SCRIPT_OUTPUT_FILE_0}\"\n";
			showEnvVarsInLog = 0;
		};
		A09F489A7AE6BD4107D4AAB6 /* [CP] Embed Pods Frameworks */ = {
			isa = PBXShellScriptBuildPhase;
			buildActionMask = 2147483647;
			files = (
			);
			inputFileListPaths = (
				"${PODS_ROOT}/Target Support Files/Pods-AirTick/Pods-AirTick-frameworks-${CONFIGURATION}-input-files.xcfilelist",
			);
			name = "[CP] Embed Pods Frameworks";
			outputFileListPaths = (
				"${PODS_ROOT}/Target Support Files/Pods-AirTick/Pods-AirTick-frameworks-${CONFIGURATION}-output-files.xcfilelist",
			);
			runOnlyForDeploymentPostprocessing = 0;
			shellPath = /bin/sh;
			shellScript = "\"${PODS_ROOT}/Target Support Files/Pods-AirTick/Pods-AirTick-frameworks.sh\"\n";
			showEnvVarsInLog = 0;
		};
/* End PBXShellScriptBuildPhase section */

/* Begin PBXSourcesBuildPhase section */
		F4B5320C264E674300BECC56 /* Sources */ = {
			isa = PBXSourcesBuildPhase;
			buildActionMask = 2147483647;
			files = (
				F4B5321B264E674300BECC56 /* MainViewController.m in Sources */,
				F4E0799D2660EDFF00D8DC4C /* MapPrice.m in Sources */,
				F4B53215264E674300BECC56 /* AppDelegate.m in Sources */,
				F4E079A32660F88700D8DC4C /* TabBarController.m in Sources */,
				F4E079A02660EFF900D8DC4C /* MapViewController.m in Sources */,
				F473FC992653B8B800ECB6FE /* PlaceViewController.m in Sources */,
				F4B53226264E674400BECC56 /* main.m in Sources */,
				F44A99C4266D25F100441CCF /* FavoriteTicket+CoreDataClass.m in Sources */,
				F44A99C8266D2E1000441CCF /* FavoriteTicketsViewController.m in Sources */,
				F4B53218264E674300BECC56 /* SceneDelegate.m in Sources */,
				F4E07997265FDC6100D8DC4C /* TicketsViewController.m in Sources */,
				F4E0799A2660E8F500D8DC4C /* LocationService.m in Sources */,
				F473FC9D2654275500ECB6FE /* PlaceTableViewCell.m in Sources */,
				F4E07991265FC4B600D8DC4C /* Ticket.m in Sources */,
				F4B5323A264EC44600BECC56 /* Country.m in Sources */,
				F44A99AD266D202400441CCF /* AirTickModel.xcdatamodeld in Sources */,
				F4B53240264EC56300BECC56 /* Airport.m in Sources */,
				F4E0798E265F8C3000D8DC4C /* APIManager.m in Sources */,
				F44A99C5266D25F100441CCF /* FavoriteTicket+CoreDataProperties.m in Sources */,
				F4B5323D264EC4BE00BECC56 /* City.m in Sources */,
				F4B53244264EC63D00BECC56 /* DataManager.m in Sources */,
				F4B5322F264E886F00BECC56 /* TestViewController.m in Sources */,
				F44A99B1266D233500441CCF /* CoreDataService.m in Sources */,
				F4E07994265FD10500D8DC4C /* TicketTableViewCell.m in Sources */,
			);
			runOnlyForDeploymentPostprocessing = 0;
		};
/* End PBXSourcesBuildPhase section */

/* Begin XCBuildConfiguration section */
		F4B53227264E674400BECC56 /* Debug */ = {
			isa = XCBuildConfiguration;
			buildSettings = {
				ALWAYS_SEARCH_USER_PATHS = NO;
				CLANG_ANALYZER_NONNULL = YES;
				CLANG_ANALYZER_NUMBER_OBJECT_CONVERSION = YES_AGGRESSIVE;
				CLANG_CXX_LANGUAGE_STANDARD = "gnu++14";
				CLANG_CXX_LIBRARY = "libc++";
				CLANG_ENABLE_MODULES = YES;
				CLANG_ENABLE_OBJC_ARC = YES;
				CLANG_ENABLE_OBJC_WEAK = YES;
				CLANG_WARN_BLOCK_CAPTURE_AUTORELEASING = YES;
				CLANG_WARN_BOOL_CONVERSION = YES;
				CLANG_WARN_COMMA = YES;
				CLANG_WARN_CONSTANT_CONVERSION = YES;
				CLANG_WARN_DEPRECATED_OBJC_IMPLEMENTATIONS = YES;
				CLANG_WARN_DIRECT_OBJC_ISA_USAGE = YES_ERROR;
				CLANG_WARN_DOCUMENTATION_COMMENTS = YES;
				CLANG_WARN_EMPTY_BODY = YES;
				CLANG_WARN_ENUM_CONVERSION = YES;
				CLANG_WARN_INFINITE_RECURSION = YES;
				CLANG_WARN_INT_CONVERSION = YES;
				CLANG_WARN_NON_LITERAL_NULL_CONVERSION = YES;
				CLANG_WARN_OBJC_IMPLICIT_RETAIN_SELF = YES;
				CLANG_WARN_OBJC_LITERAL_CONVERSION = YES;
				CLANG_WARN_OBJC_ROOT_CLASS = YES_ERROR;
				CLANG_WARN_QUOTED_INCLUDE_IN_FRAMEWORK_HEADER = YES;
				CLANG_WARN_RANGE_LOOP_ANALYSIS = YES;
				CLANG_WARN_STRICT_PROTOTYPES = YES;
				CLANG_WARN_SUSPICIOUS_MOVE = YES;
				CLANG_WARN_UNGUARDED_AVAILABILITY = YES_AGGRESSIVE;
				CLANG_WARN_UNREACHABLE_CODE = YES;
				CLANG_WARN__DUPLICATE_METHOD_MATCH = YES;
				COPY_PHASE_STRIP = NO;
				DEBUG_INFORMATION_FORMAT = dwarf;
				ENABLE_STRICT_OBJC_MSGSEND = YES;
				ENABLE_TESTABILITY = YES;
				GCC_C_LANGUAGE_STANDARD = gnu11;
				GCC_DYNAMIC_NO_PIC = NO;
				GCC_NO_COMMON_BLOCKS = YES;
				GCC_OPTIMIZATION_LEVEL = 0;
				GCC_PREPROCESSOR_DEFINITIONS = (
					"DEBUG=1",
					"$(inherited)",
				);
				GCC_WARN_64_TO_32_BIT_CONVERSION = YES;
				GCC_WARN_ABOUT_RETURN_TYPE = YES_ERROR;
				GCC_WARN_UNDECLARED_SELECTOR = YES;
				GCC_WARN_UNINITIALIZED_AUTOS = YES_AGGRESSIVE;
				GCC_WARN_UNUSED_FUNCTION = YES;
				GCC_WARN_UNUSED_VARIABLE = YES;
				IPHONEOS_DEPLOYMENT_TARGET = 14.5;
				MTL_ENABLE_DEBUG_INFO = INCLUDE_SOURCE;
				MTL_FAST_MATH = YES;
				ONLY_ACTIVE_ARCH = YES;
				SDKROOT = iphoneos;
			};
			name = Debug;
		};
		F4B53228264E674400BECC56 /* Release */ = {
			isa = XCBuildConfiguration;
			buildSettings = {
				ALWAYS_SEARCH_USER_PATHS = NO;
				CLANG_ANALYZER_NONNULL = YES;
				CLANG_ANALYZER_NUMBER_OBJECT_CONVERSION = YES_AGGRESSIVE;
				CLANG_CXX_LANGUAGE_STANDARD = "gnu++14";
				CLANG_CXX_LIBRARY = "libc++";
				CLANG_ENABLE_MODULES = YES;
				CLANG_ENABLE_OBJC_ARC = YES;
				CLANG_ENABLE_OBJC_WEAK = YES;
				CLANG_WARN_BLOCK_CAPTURE_AUTORELEASING = YES;
				CLANG_WARN_BOOL_CONVERSION = YES;
				CLANG_WARN_COMMA = YES;
				CLANG_WARN_CONSTANT_CONVERSION = YES;
				CLANG_WARN_DEPRECATED_OBJC_IMPLEMENTATIONS = YES;
				CLANG_WARN_DIRECT_OBJC_ISA_USAGE = YES_ERROR;
				CLANG_WARN_DOCUMENTATION_COMMENTS = YES;
				CLANG_WARN_EMPTY_BODY = YES;
				CLANG_WARN_ENUM_CONVERSION = YES;
				CLANG_WARN_INFINITE_RECURSION = YES;
				CLANG_WARN_INT_CONVERSION = YES;
				CLANG_WARN_NON_LITERAL_NULL_CONVERSION = YES;
				CLANG_WARN_OBJC_IMPLICIT_RETAIN_SELF = YES;
				CLANG_WARN_OBJC_LITERAL_CONVERSION = YES;
				CLANG_WARN_OBJC_ROOT_CLASS = YES_ERROR;
				CLANG_WARN_QUOTED_INCLUDE_IN_FRAMEWORK_HEADER = YES;
				CLANG_WARN_RANGE_LOOP_ANALYSIS = YES;
				CLANG_WARN_STRICT_PROTOTYPES = YES;
				CLANG_WARN_SUSPICIOUS_MOVE = YES;
				CLANG_WARN_UNGUARDED_AVAILABILITY = YES_AGGRESSIVE;
				CLANG_WARN_UNREACHABLE_CODE = YES;
				CLANG_WARN__DUPLICATE_METHOD_MATCH = YES;
				COPY_PHASE_STRIP = NO;
				DEBUG_INFORMATION_FORMAT = "dwarf-with-dsym";
				ENABLE_NS_ASSERTIONS = NO;
				ENABLE_STRICT_OBJC_MSGSEND = YES;
				GCC_C_LANGUAGE_STANDARD = gnu11;
				GCC_NO_COMMON_BLOCKS = YES;
				GCC_WARN_64_TO_32_BIT_CONVERSION = YES;
				GCC_WARN_ABOUT_RETURN_TYPE = YES_ERROR;
				GCC_WARN_UNDECLARED_SELECTOR = YES;
				GCC_WARN_UNINITIALIZED_AUTOS = YES_AGGRESSIVE;
				GCC_WARN_UNUSED_FUNCTION = YES;
				GCC_WARN_UNUSED_VARIABLE = YES;
				IPHONEOS_DEPLOYMENT_TARGET = 14.5;
				MTL_ENABLE_DEBUG_INFO = NO;
				MTL_FAST_MATH = YES;
				SDKROOT = iphoneos;
				VALIDATE_PRODUCT = YES;
			};
			name = Release;
		};
		F4B5322A264E674400BECC56 /* Debug */ = {
			isa = XCBuildConfiguration;
			baseConfigurationReference = 5803D8415C25ABD112EC2191 /* Pods-AirTick.debug.xcconfig */;
			buildSettings = {
				ASSETCATALOG_COMPILER_APPICON_NAME = AppIcon;
				ASSETCATALOG_COMPILER_GLOBAL_ACCENT_COLOR_NAME = AccentColor;
				CODE_SIGN_STYLE = Automatic;
				DEVELOPMENT_TEAM = YKX9VWS6ZS;
				INFOPLIST_FILE = AirTick/Info.plist;
				IPHONEOS_DEPLOYMENT_TARGET = 14.1;
				LD_RUNPATH_SEARCH_PATHS = (
					"$(inherited)",
					"@executable_path/Frameworks",
				);
				PRODUCT_BUNDLE_IDENTIFIER = com.grigorystolyarov.AirTick;
				PRODUCT_NAME = "$(TARGET_NAME)";
				TARGETED_DEVICE_FAMILY = 1;
			};
			name = Debug;
		};
		F4B5322B264E674400BECC56 /* Release */ = {
			isa = XCBuildConfiguration;
			baseConfigurationReference = F98EBEEF208382B99180C2B0 /* Pods-AirTick.release.xcconfig */;
			buildSettings = {
				ASSETCATALOG_COMPILER_APPICON_NAME = AppIcon;
				ASSETCATALOG_COMPILER_GLOBAL_ACCENT_COLOR_NAME = AccentColor;
				CODE_SIGN_STYLE = Automatic;
				DEVELOPMENT_TEAM = YKX9VWS6ZS;
				INFOPLIST_FILE = AirTick/Info.plist;
				IPHONEOS_DEPLOYMENT_TARGET = 14.1;
				LD_RUNPATH_SEARCH_PATHS = (
					"$(inherited)",
					"@executable_path/Frameworks",
				);
				PRODUCT_BUNDLE_IDENTIFIER = com.grigorystolyarov.AirTick;
				PRODUCT_NAME = "$(TARGET_NAME)";
				TARGETED_DEVICE_FAMILY = 1;
			};
			name = Release;
		};
/* End XCBuildConfiguration section */

/* Begin XCConfigurationList section */
		F4B5320B264E674300BECC56 /* Build configuration list for PBXProject "AirTick" */ = {
			isa = XCConfigurationList;
			buildConfigurations = (
				F4B53227264E674400BECC56 /* Debug */,
				F4B53228264E674400BECC56 /* Release */,
			);
			defaultConfigurationIsVisible = 0;
			defaultConfigurationName = Release;
		};
		F4B53229264E674400BECC56 /* Build configuration list for PBXNativeTarget "AirTick" */ = {
			isa = XCConfigurationList;
			buildConfigurations = (
				F4B5322A264E674400BECC56 /* Debug */,
				F4B5322B264E674400BECC56 /* Release */,
			);
			defaultConfigurationIsVisible = 0;
			defaultConfigurationName = Release;
		};
/* End XCConfigurationList section */

/* Begin XCVersionGroup section */
		F44A99AB266D202400441CCF /* AirTickModel.xcdatamodeld */ = {
			isa = XCVersionGroup;
			children = (
				F44A99AC266D202400441CCF /* AirTickModel.xcdatamodel */,
			);
			currentVersion = F44A99AC266D202400441CCF /* AirTickModel.xcdatamodel */;
			path = AirTickModel.xcdatamodeld;
			sourceTree = "<group>";
			versionGroupType = wrapper.xcdatamodel;
		};
/* End XCVersionGroup section */
	};
	rootObject = F4B53208264E674300BECC56 /* Project object */;
}
